
Microsoft Visual Studio Solution File, Format Version 12.00
# Visual Studio Version 17
VisualStudioVersion = 17.4.33122.133
MinimumVisualStudioVersion = 10.0.40219.1
Project("{FAE04EC0-301F-11D3-BF4B-00C04F79EFBC}") = "NickvisionApplication.Shared", "NickvisionApplication.Shared\NickvisionApplication.Shared.csproj", "{C6A312B0-51B8-4F0E-A22C-461BC73DDD40}"
EndProject
Global
	GlobalSection(SolutionConfigurationPlatforms) = preSolution
		Debug|Any CPU = Debug|Any CPU
		Release|Any CPU = Release|Any CPU
	EndGlobalSection
	GlobalSection(ProjectConfigurationPlatforms) = postSolution
		{C6A312B0-51B8-4F0E-A22C-461BC73DDD40}.Debug|Any CPU.ActiveCfg = Debug|Any CPU
		{C6A312B0-51B8-4F0E-A22C-461BC73DDD40}.Debug|Any CPU.Build.0 = Debug|Any CPU
		{C6A312B0-51B8-4F0E-A22C-461BC73DDD40}.Release|Any CPU.ActiveCfg = Release|Any CPU
		{C6A312B0-51B8-4F0E-A22C-461BC73DDD40}.Release|Any CPU.Build.0 = Release|Any CPU
	EndGlobalSection
	GlobalSection(SolutionProperties) = preSolution
		HideSolutionNode = FALSE
	EndGlobalSection
	GlobalSection(ExtensibilityGlobals) = postSolution
		SolutionGuid = {813864C8-7957-4603-912A-D6E099089A2A}
	EndGlobalSection
EndGlobal
